
Microsoft Visual Studio Solution File, Format Version 11.00
# Visual Studio 2010
Project("{F184B08F-C81C-45F6-A57F-5ABD9991F28F}") = "TileProviderEndUserDesignerVS2010", "TileProviderEndUserDesigner\TileProviderEndUserDesignerVS2010.vbproj", "{1181F91D-5605-49E6-A28E-AF4029160EEE}"
EndProject
Project("{F184B08F-C81C-45F6-A57F-5ABD9991F28F}") = "CustomTileProvidersVS2010", "CustomTileProviders\CustomTileProvidersVS2010.vbproj", "{E78B9209-319C-41F9-B449-A0E4B0A83705}"
EndProject
Global
	GlobalSection(SolutionConfigurationPlatforms) = preSolution
		Debug|Any CPU = Debug|Any CPU
		Release|Any CPU = Release|Any CPU
	EndGlobalSection
	GlobalSection(ProjectConfigurationPlatforms) = postSolution
		{1181F91D-5605-49E6-A28E-AF4029160EEE}.Debug|Any CPU.ActiveCfg = Debug|Any CPU
		{1181F91D-5605-49E6-A28E-AF4029160EEE}.Debug|Any CPU.Build.0 = Debug|Any CPU
		{1181F91D-5605-49E6-A28E-AF4029160EEE}.Release|Any CPU.ActiveCfg = Release|Any CPU
		{1181F91D-5605-49E6-A28E-AF4029160EEE}.Release|Any CPU.Build.0 = Release|Any CPU
		{E78B9209-319C-41F9-B449-A0E4B0A83705}.Debug|Any CPU.ActiveCfg = Debug|Any CPU
		{E78B9209-319C-41F9-B449-A0E4B0A83705}.Debug|Any CPU.Build.0 = Debug|Any CPU
		{E78B9209-319C-41F9-B449-A0E4B0A83705}.Release|Any CPU.ActiveCfg = Release|Any CPU
		{E78B9209-319C-41F9-B449-A0E4B0A83705}.Release|Any CPU.Build.0 = Release|Any CPU
	EndGlobalSection
	GlobalSection(SolutionProperties) = preSolution
		HideSolutionNode = FALSE
	EndGlobalSection
EndGlobal
