
Microsoft Visual Studio Solution File, Format Version 11.00
# Visual Studio 2010
Project("{F184B08F-C81C-45F6-A57F-5ABD9991F28F}") = "ReportsGalleryVS2010", "Reports Gallery\ReportsGalleryVS2010.vbproj", "{FA4B9975-97A6-4C67-817D-25F25A56CC3E}"
EndProject
Global
	GlobalSection(SolutionConfigurationPlatforms) = preSolution
		Debug|Any CPU = Debug|Any CPU
		Release|Any CPU = Release|Any CPU
	EndGlobalSection
	GlobalSection(ProjectConfigurationPlatforms) = postSolution
		{FA4B9975-97A6-4C67-817D-25F25A56CC3E}.Debug|Any CPU.ActiveCfg = Debug|Any CPU
		{FA4B9975-97A6-4C67-817D-25F25A56CC3E}.Debug|Any CPU.Build.0 = Debug|Any CPU
		{FA4B9975-97A6-4C67-817D-25F25A56CC3E}.Release|Any CPU.ActiveCfg = Release|Any CPU
		{FA4B9975-97A6-4C67-817D-25F25A56CC3E}.Release|Any CPU.Build.0 = Release|Any CPU
	EndGlobalSection
	GlobalSection(SolutionProperties) = preSolution
		HideSolutionNode = FALSE
	EndGlobalSection
EndGlobal
